
Microsoft Visual Studio Solution File, Format Version 12.00
# Visual Studio 15
VisualStudioVersion = 15.0.28307.1062
MinimumVisualStudioVersion = 10.0.40219.1
Project("{8BC9CEB8-8B4A-11D0-8D11-00A0C91BC942}") = "TMP", "src\TMP.vcxproj", "{36DC95F4-F560-4E2D-947F-CF272C567507}"
EndProject
Global
	GlobalSection(SolutionConfigurationPlatforms) = preSolution
		Debug|x64 = Debug|x64
		Debug|x86 = Debug|x86
		Release|x64 = Release|x64
		Release|x86 = Release|x86
	EndGlobalSection
	GlobalSection(ProjectConfigurationPlatforms) = postSolution
		{36DC95F4-F560-4E2D-947F-CF272C567507}.Debug|x64.ActiveCfg = Debug|x64
		{36DC95F4-F560-4E2D-947F-CF272C567507}.Debug|x64.Build.0 = Debug|x64
		{36DC95F4-F560-4E2D-947F-CF272C567507}.Debug|x86.ActiveCfg = Debug|Win32
		{36DC95F4-F560-4E2D-947F-CF272C567507}.Debug|x86.Build.0 = Debug|Win32
		{36DC95F4-F560-4E2D-947F-CF272C567507}.Release|x64.ActiveCfg = Release|x64
		{36DC95F4-F560-4E2D-947F-CF272C567507}.Release|x64.Build.0 = Release|x64
		{36DC95F4-F560-4E2D-947F-CF272C567507}.Release|x86.ActiveCfg = Release|Win32
		{36DC95F4-F560-4E2D-947F-CF272C567507}.Release|x86.Build.0 = Release|Win32
	EndGlobalSection
	GlobalSection(SolutionProperties) = preSolution
		HideSolutionNode = FALSE
	EndGlobalSection
	GlobalSection(ExtensibilityGlobals) = postSolution
		SolutionGuid = {C213B6D5-69CA-485E-B8B7-893BF56E80BF}
	EndGlobalSection
EndGlobal
